
Microsoft Visual Studio Solution File, Format Version 12.00
# Visual Studio Version 16
VisualStudioVersion = 16.0.32630.194
MinimumVisualStudioVersion = 10.0.40219.1
Project("{FAE04EC0-301F-11D3-BF4B-00C04F79EFBC}") = "ShoppingList", "ShoppingList\ShoppingList.csproj", "{BFA34798-339F-4030-A520-E4ECEB1078F9}"
EndProject
Global
	GlobalSection(SolutionConfigurationPlatforms) = preSolution
		Debug|Any CPU = Debug|Any CPU
		Release|Any CPU = Release|Any CPU
	EndGlobalSection
	GlobalSection(ProjectConfigurationPlatforms) = postSolution
		{BFA34798-339F-4030-A520-E4ECEB1078F9}.Debug|Any CPU.ActiveCfg = Debug|Any CPU
		{BFA34798-339F-4030-A520-E4ECEB1078F9}.Debug|Any CPU.Build.0 = Debug|Any CPU
		{BFA34798-339F-4030-A520-E4ECEB1078F9}.Release|Any CPU.ActiveCfg = Release|Any CPU
		{BFA34798-339F-4030-A520-E4ECEB1078F9}.Release|Any CPU.Build.0 = Release|Any CPU
	EndGlobalSection
	GlobalSection(SolutionProperties) = preSolution
		HideSolutionNode = FALSE
	EndGlobalSection
	GlobalSection(ExtensibilityGlobals) = postSolution
		SolutionGuid = {49C6178C-7C54-442C-AB4E-8A6AFC92B8D1}
	EndGlobalSection
EndGlobal
